// !$*UTF8*$!
{
	archiveVersion = 1;
	classes = {
	};
	objectVersion = 55;
	objects = {

/* Begin PBXBuildFile section */
		B2148E4827B4659900ACFDAE /* ligands.txt in Resources */ = {isa = PBXBuildFile; fileRef = B2148E4727B4659900ACFDAE /* ligands.txt */; };
		B2148E4A27B46D0100ACFDAE /* Ligand.swift in Sources */ = {isa = PBXBuildFile; fileRef = B2148E4927B46D0100ACFDAE /* Ligand.swift */; };
		B2148E4C27B478C900ACFDAE /* LigandView.swift in Sources */ = {isa = PBXBuildFile; fileRef = B2148E4B27B478C900ACFDAE /* LigandView.swift */; };
		B2148E4E27B8228B00ACFDAE /* 011_ideal.pdb.txt in Resources */ = {isa = PBXBuildFile; fileRef = B2148E4D27B8228B00ACFDAE /* 011_ideal.pdb.txt */; };
		B2148E5127B825BA00ACFDAE /* PDBReader.swift in Sources */ = {isa = PBXBuildFile; fileRef = B2148E5027B825BA00ACFDAE /* PDBReader.swift */; };
		B2454B8E27C2F19400750B0E /* String.swift in Sources */ = {isa = PBXBuildFile; fileRef = B2454B8D27C2F19400750B0E /* String.swift */; };
		B2454B9227C516AA00750B0E /* SCNVector3.swift in Sources */ = {isa = PBXBuildFile; fileRef = B2454B9127C516AA00750B0E /* SCNVector3.swift */; };
		B2454B9427C5171600750B0E /* SCNNode.swift in Sources */ = {isa = PBXBuildFile; fileRef = B2454B9327C5171600750B0E /* SCNNode.swift */; };
		B2454B9627C5189100750B0E /* HasApply.swift in Sources */ = {isa = PBXBuildFile; fileRef = B2454B9527C5189100750B0E /* HasApply.swift */; };
		B2454B9827C518B100750B0E /* VIew.swift in Sources */ = {isa = PBXBuildFile; fileRef = B2454B9727C518B100750B0E /* VIew.swift */; };
		B2454B9A27C5192900750B0E /* LineType.swift in Sources */ = {isa = PBXBuildFile; fileRef = B2454B9927C5192900750B0E /* LineType.swift */; };
		B2454B9C27C5194800750B0E /* PDBConnect.swift in Sources */ = {isa = PBXBuildFile; fileRef = B2454B9B27C5194800750B0E /* PDBConnect.swift */; };
		B2454B9E27C5196400750B0E /* PDBAtom.swift in Sources */ = {isa = PBXBuildFile; fileRef = B2454B9D27C5196400750B0E /* PDBAtom.swift */; };
		B2454BA027C5197800750B0E /* PdbDocument.swift in Sources */ = {isa = PBXBuildFile; fileRef = B2454B9F27C5197800750B0E /* PdbDocument.swift */; };
		B2454BA427C538FE00750B0E /* Bool.swift in Sources */ = {isa = PBXBuildFile; fileRef = B2454BA327C538FE00750B0E /* Bool.swift */; };
		B2454BA627C569DC00750B0E /* Array.swift in Sources */ = {isa = PBXBuildFile; fileRef = B2454BA527C569DC00750B0E /* Array.swift */; };
		B2454BA827C6840F00750B0E /* UIApplication.swift in Sources */ = {isa = PBXBuildFile; fileRef = B2454BA727C6840E00750B0E /* UIApplication.swift */; };
		B2454BAA27C6867000750B0E /* AtomInfoView.swift in Sources */ = {isa = PBXBuildFile; fileRef = B2454BA927C6867000750B0E /* AtomInfoView.swift */; };
		B2454BAD27C68A9200750B0E /* LigandViewViewModel.swift in Sources */ = {isa = PBXBuildFile; fileRef = B2454BAC27C68A9200750B0E /* LigandViewViewModel.swift */; };
		B2454BAF27C6AFB700750B0E /* SceneConstructor.swift in Sources */ = {isa = PBXBuildFile; fileRef = B2454BAE27C6AFB700750B0E /* SceneConstructor.swift */; };
		B2454BB127C6C98100750B0E /* LoginViewViewModel.swift in Sources */ = {isa = PBXBuildFile; fileRef = B2454BB027C6C98100750B0E /* LoginViewViewModel.swift */; };
		B2454BB327C6C9C100750B0E /* LigandListViewModels.swift in Sources */ = {isa = PBXBuildFile; fileRef = B2454BB227C6C9C100750B0E /* LigandListViewModels.swift */; };
		B25CA9F6278B50E100170C2D /* ProteinsApp.swift in Sources */ = {isa = PBXBuildFile; fileRef = B25CA9F5278B50E100170C2D /* ProteinsApp.swift */; };
		B25CA9F8278B50E100170C2D /* LigandsListView.swift in Sources */ = {isa = PBXBuildFile; fileRef = B25CA9F7278B50E100170C2D /* LigandsListView.swift */; };
		B25CA9FA278B50E200170C2D /* Assets.xcassets in Resources */ = {isa = PBXBuildFile; fileRef = B25CA9F9278B50E200170C2D /* Assets.xcassets */; };
		B25CA9FD278B50E200170C2D /* Preview Assets.xcassets in Resources */ = {isa = PBXBuildFile; fileRef = B25CA9FC278B50E200170C2D /* Preview Assets.xcassets */; };
		B25CAA07278B50E200170C2D /* ProteinsTests.swift in Sources */ = {isa = PBXBuildFile; fileRef = B25CAA06278B50E200170C2D /* ProteinsTests.swift */; };
		B25CAA11278B50E200170C2D /* ProteinsUITests.swift in Sources */ = {isa = PBXBuildFile; fileRef = B25CAA10278B50E200170C2D /* ProteinsUITests.swift */; };
		B25CAA13278B50E200170C2D /* ProteinsUITestsLaunchTests.swift in Sources */ = {isa = PBXBuildFile; fileRef = B25CAA12278B50E200170C2D /* ProteinsUITestsLaunchTests.swift */; };
		B271D5B827BD821300D6EF6D /* ScenekitView.swift in Sources */ = {isa = PBXBuildFile; fileRef = B271D5B727BD821300D6EF6D /* ScenekitView.swift */; };
		B271D5BA27BEDEB600D6EF6D /* PeriodicTable.json in Resources */ = {isa = PBXBuildFile; fileRef = B271D5B927BEDEB600D6EF6D /* PeriodicTable.json */; };
		B271D5BC27BEDFBD00D6EF6D /* AtomInfo.swift in Sources */ = {isa = PBXBuildFile; fileRef = B271D5BB27BEDFBD00D6EF6D /* AtomInfo.swift */; };
		B271D5BF27BFEA8E00D6EF6D /* LoginView.swift in Sources */ = {isa = PBXBuildFile; fileRef = B271D5BE27BFEA8E00D6EF6D /* LoginView.swift */; };
		B271D5C127BFEB3500D6EF6D /* BaseView.swift in Sources */ = {isa = PBXBuildFile; fileRef = B271D5C027BFEB3500D6EF6D /* BaseView.swift */; };
		B271D5C527BFFFD600D6EF6D /* Box.swift in Sources */ = {isa = PBXBuildFile; fileRef = B271D5C427BFFFD600D6EF6D /* Box.swift */; };
		B2F9AB3527BBEB66006E82EA /* Files.swift in Sources */ = {isa = PBXBuildFile; fileRef = B2F9AB3427BBEB66006E82EA /* Files.swift */; };
		B2F9AB3727BBECBC006E82EA /* PdbClient.swift in Sources */ = {isa = PBXBuildFile; fileRef = B2F9AB3627BBECBC006E82EA /* PdbClient.swift */; };
		B2F9AB3A27BBEE0C006E82EA /* Configurator.swift in Sources */ = {isa = PBXBuildFile; fileRef = B2F9AB3927BBEE0C006E82EA /* Configurator.swift */; };
/* End PBXBuildFile section */

/* Begin PBXContainerItemProxy section */
		B25CAA03278B50E200170C2D /* PBXContainerItemProxy */ = {
			isa = PBXContainerItemProxy;
			containerPortal = B25CA9EA278B50E100170C2D /* Project object */;
			proxyType = 1;
			remoteGlobalIDString = B25CA9F1278B50E100170C2D;
			remoteInfo = Proteins;
		};
		B25CAA0D278B50E200170C2D /* PBXContainerItemProxy */ = {
			isa = PBXContainerItemProxy;
			containerPortal = B25CA9EA278B50E100170C2D /* Project object */;
			proxyType = 1;
			remoteGlobalIDString = B25CA9F1278B50E100170C2D;
			remoteInfo = Proteins;
		};
/* End PBXContainerItemProxy section */

/* Begin PBXFileReference section */
		B2148E4727B4659900ACFDAE /* ligands.txt */ = {isa = PBXFileReference; fileEncoding = 4; lastKnownFileType = text; path = ligands.txt; sourceTree = "<group>"; };
		B2148E4927B46D0100ACFDAE /* Ligand.swift */ = {isa = PBXFileReference; lastKnownFileType = sourcecode.swift; path = Ligand.swift; sourceTree = "<group>"; };
		B2148E4B27B478C900ACFDAE /* LigandView.swift */ = {isa = PBXFileReference; lastKnownFileType = sourcecode.swift; path = LigandView.swift; sourceTree = "<group>"; };
		B2148E4D27B8228B00ACFDAE /* 011_ideal.pdb.txt */ = {isa = PBXFileReference; fileEncoding = 4; lastKnownFileType = text; path = 011_ideal.pdb.txt; sourceTree = "<group>"; };
		B2148E5027B825BA00ACFDAE /* PDBReader.swift */ = {isa = PBXFileReference; lastKnownFileType = sourcecode.swift; path = PDBReader.swift; sourceTree = "<group>"; };
		B2454B8D27C2F19400750B0E /* String.swift */ = {isa = PBXFileReference; lastKnownFileType = sourcecode.swift; path = String.swift; sourceTree = "<group>"; };
		B2454B9127C516AA00750B0E /* SCNVector3.swift */ = {isa = PBXFileReference; lastKnownFileType = sourcecode.swift; path = SCNVector3.swift; sourceTree = "<group>"; };
		B2454B9327C5171600750B0E /* SCNNode.swift */ = {isa = PBXFileReference; lastKnownFileType = sourcecode.swift; path = SCNNode.swift; sourceTree = "<group>"; };
		B2454B9527C5189100750B0E /* HasApply.swift */ = {isa = PBXFileReference; lastKnownFileType = sourcecode.swift; path = HasApply.swift; sourceTree = "<group>"; };
		B2454B9727C518B100750B0E /* VIew.swift */ = {isa = PBXFileReference; lastKnownFileType = sourcecode.swift; path = VIew.swift; sourceTree = "<group>"; };
		B2454B9927C5192900750B0E /* LineType.swift */ = {isa = PBXFileReference; lastKnownFileType = sourcecode.swift; path = LineType.swift; sourceTree = "<group>"; };
		B2454B9B27C5194800750B0E /* PDBConnect.swift */ = {isa = PBXFileReference; lastKnownFileType = sourcecode.swift; path = PDBConnect.swift; sourceTree = "<group>"; };
		B2454B9D27C5196400750B0E /* PDBAtom.swift */ = {isa = PBXFileReference; lastKnownFileType = sourcecode.swift; path = PDBAtom.swift; sourceTree = "<group>"; };
		B2454B9F27C5197800750B0E /* PdbDocument.swift */ = {isa = PBXFileReference; lastKnownFileType = sourcecode.swift; path = PdbDocument.swift; sourceTree = "<group>"; };
		B2454BA327C538FE00750B0E /* Bool.swift */ = {isa = PBXFileReference; lastKnownFileType = sourcecode.swift; path = Bool.swift; sourceTree = "<group>"; };
		B2454BA527C569DC00750B0E /* Array.swift */ = {isa = PBXFileReference; lastKnownFileType = sourcecode.swift; path = Array.swift; sourceTree = "<group>"; };
		B2454BA727C6840E00750B0E /* UIApplication.swift */ = {isa = PBXFileReference; lastKnownFileType = sourcecode.swift; path = UIApplication.swift; sourceTree = "<group>"; };
		B2454BA927C6867000750B0E /* AtomInfoView.swift */ = {isa = PBXFileReference; lastKnownFileType = sourcecode.swift; path = AtomInfoView.swift; sourceTree = "<group>"; };
		B2454BAC27C68A9200750B0E /* LigandViewViewModel.swift */ = {isa = PBXFileReference; lastKnownFileType = sourcecode.swift; path = LigandViewViewModel.swift; sourceTree = "<group>"; };
		B2454BAE27C6AFB700750B0E /* SceneConstructor.swift */ = {isa = PBXFileReference; lastKnownFileType = sourcecode.swift; path = SceneConstructor.swift; sourceTree = "<group>"; };
		B2454BB027C6C98100750B0E /* LoginViewViewModel.swift */ = {isa = PBXFileReference; lastKnownFileType = sourcecode.swift; path = LoginViewViewModel.swift; sourceTree = "<group>"; };
		B2454BB227C6C9C100750B0E /* LigandListViewModels.swift */ = {isa = PBXFileReference; lastKnownFileType = sourcecode.swift; path = LigandListViewModels.swift; sourceTree = "<group>"; };
		B25CA9F2278B50E100170C2D /* Proteins.app */ = {isa = PBXFileReference; explicitFileType = wrapper.application; includeInIndex = 0; path = Proteins.app; sourceTree = BUILT_PRODUCTS_DIR; };
		B25CA9F5278B50E100170C2D /* ProteinsApp.swift */ = {isa = PBXFileReference; lastKnownFileType = sourcecode.swift; path = ProteinsApp.swift; sourceTree = "<group>"; };
		B25CA9F7278B50E100170C2D /* LigandsListView.swift */ = {isa = PBXFileReference; lastKnownFileType = sourcecode.swift; path = LigandsListView.swift; sourceTree = "<group>"; };
		B25CA9F9278B50E200170C2D /* Assets.xcassets */ = {isa = PBXFileReference; lastKnownFileType = folder.assetcatalog; path = Assets.xcassets; sourceTree = "<group>"; };
		B25CA9FC278B50E200170C2D /* Preview Assets.xcassets */ = {isa = PBXFileReference; lastKnownFileType = folder.assetcatalog; path = "Preview Assets.xcassets"; sourceTree = "<group>"; };
		B25CAA02278B50E200170C2D /* ProteinsTests.xctest */ = {isa = PBXFileReference; explicitFileType = wrapper.cfbundle; includeInIndex = 0; path = ProteinsTests.xctest; sourceTree = BUILT_PRODUCTS_DIR; };
		B25CAA06278B50E200170C2D /* ProteinsTests.swift */ = {isa = PBXFileReference; lastKnownFileType = sourcecode.swift; path = ProteinsTests.swift; sourceTree = "<group>"; };
		B25CAA0C278B50E200170C2D /* ProteinsUITests.xctest */ = {isa = PBXFileReference; explicitFileType = wrapper.cfbundle; includeInIndex = 0; path = ProteinsUITests.xctest; sourceTree = BUILT_PRODUCTS_DIR; };
		B25CAA10278B50E200170C2D /* ProteinsUITests.swift */ = {isa = PBXFileReference; lastKnownFileType = sourcecode.swift; path = ProteinsUITests.swift; sourceTree = "<group>"; };
		B25CAA12278B50E200170C2D /* ProteinsUITestsLaunchTests.swift */ = {isa = PBXFileReference; lastKnownFileType = sourcecode.swift; path = ProteinsUITestsLaunchTests.swift; sourceTree = "<group>"; };
		B271D5B727BD821300D6EF6D /* ScenekitView.swift */ = {isa = PBXFileReference; lastKnownFileType = sourcecode.swift; path = ScenekitView.swift; sourceTree = "<group>"; };
		B271D5B927BEDEB600D6EF6D /* PeriodicTable.json */ = {isa = PBXFileReference; fileEncoding = 4; lastKnownFileType = text.json; path = PeriodicTable.json; sourceTree = "<group>"; };
		B271D5BB27BEDFBD00D6EF6D /* AtomInfo.swift */ = {isa = PBXFileReference; lastKnownFileType = sourcecode.swift; path = AtomInfo.swift; sourceTree = "<group>"; };
		B271D5BD27BFC5F100D6EF6D /* Info.plist */ = {isa = PBXFileReference; lastKnownFileType = text.plist; path = Info.plist; sourceTree = "<group>"; };
		B271D5BE27BFEA8E00D6EF6D /* LoginView.swift */ = {isa = PBXFileReference; lastKnownFileType = sourcecode.swift; path = LoginView.swift; sourceTree = "<group>"; };
		B271D5C027BFEB3500D6EF6D /* BaseView.swift */ = {isa = PBXFileReference; lastKnownFileType = sourcecode.swift; path = BaseView.swift; sourceTree = "<group>"; };
		B271D5C427BFFFD600D6EF6D /* Box.swift */ = {isa = PBXFileReference; lastKnownFileType = sourcecode.swift; path = Box.swift; sourceTree = "<group>"; };
		B2F9AB3427BBEB66006E82EA /* Files.swift */ = {isa = PBXFileReference; lastKnownFileType = sourcecode.swift; path = Files.swift; sourceTree = "<group>"; };
		B2F9AB3627BBECBC006E82EA /* PdbClient.swift */ = {isa = PBXFileReference; lastKnownFileType = sourcecode.swift; path = PdbClient.swift; sourceTree = "<group>"; };
		B2F9AB3927BBEE0C006E82EA /* Configurator.swift */ = {isa = PBXFileReference; lastKnownFileType = sourcecode.swift; path = Configurator.swift; sourceTree = "<group>"; };
/* End PBXFileReference section */

/* Begin PBXFrameworksBuildPhase section */
		B25CA9EF278B50E100170C2D /* Frameworks */ = {
			isa = PBXFrameworksBuildPhase;
			buildActionMask = 2147483647;
			files = (
			);
			runOnlyForDeploymentPostprocessing = 0;
		};
		B25CA9FF278B50E200170C2D /* Frameworks */ = {
			isa = PBXFrameworksBuildPhase;
			buildActionMask = 2147483647;
			files = (
			);
			runOnlyForDeploymentPostprocessing = 0;
		};
		B25CAA09278B50E200170C2D /* Frameworks */ = {
			isa = PBXFrameworksBuildPhase;
			buildActionMask = 2147483647;
			files = (
			);
			runOnlyForDeploymentPostprocessing = 0;
		};
/* End PBXFrameworksBuildPhase section */

/* Begin PBXGroup section */
		B2148E4F27B825A400ACFDAE /* PDB */ = {
			isa = PBXGroup;
			children = (
				B2148E5027B825BA00ACFDAE /* PDBReader.swift */,
				B2454B9927C5192900750B0E /* LineType.swift */,
				B2454B9B27C5194800750B0E /* PDBConnect.swift */,
				B2454B9D27C5196400750B0E /* PDBAtom.swift */,
				B2454B9F27C5197800750B0E /* PdbDocument.swift */,
			);
			path = PDB;
			sourceTree = "<group>";
		};
		B2454B8C27C2F17D00750B0E /* Extensions */ = {
			isa = PBXGroup;
			children = (
				B2454BA327C538FE00750B0E /* Bool.swift */,
				B2454B8D27C2F19400750B0E /* String.swift */,
				B2454B9127C516AA00750B0E /* SCNVector3.swift */,
				B2454B9327C5171600750B0E /* SCNNode.swift */,
				B2454B9727C518B100750B0E /* VIew.swift */,
				B2454BA527C569DC00750B0E /* Array.swift */,
				B2454BA727C6840E00750B0E /* UIApplication.swift */,
			);
			path = Extensions;
			sourceTree = "<group>";
		};
		B2454B9027C441C900750B0E /* Views */ = {
			isa = PBXGroup;
			children = (
				B25CA9F7278B50E100170C2D /* LigandsListView.swift */,
				B271D5BE27BFEA8E00D6EF6D /* LoginView.swift */,
				B2148E4B27B478C900ACFDAE /* LigandView.swift */,
				B2454BA927C6867000750B0E /* AtomInfoView.swift */,
				B271D5B727BD821300D6EF6D /* ScenekitView.swift */,
			);
			path = Views;
			sourceTree = "<group>";
		};
		B2454BA127C51ADF00750B0E /* Utils */ = {
			isa = PBXGroup;
			children = (
				B2148E4F27B825A400ACFDAE /* PDB */,
				B2454B9527C5189100750B0E /* HasApply.swift */,
				B2F9AB3427BBEB66006E82EA /* Files.swift */,
				B271D5C427BFFFD600D6EF6D /* Box.swift */,
				B2454BAE27C6AFB700750B0E /* SceneConstructor.swift */,
			);
			path = Utils;
			sourceTree = "<group>";
		};
		B2454BA227C51AFE00750B0E /* Models */ = {
			isa = PBXGroup;
			children = (
				B2148E4927B46D0100ACFDAE /* Ligand.swift */,
				B271D5BB27BEDFBD00D6EF6D /* AtomInfo.swift */,
				B271D5C027BFEB3500D6EF6D /* BaseView.swift */,
			);
			path = Models;
			sourceTree = "<group>";
		};
		B2454BAB27C68A6400750B0E /* ViewModels */ = {
			isa = PBXGroup;
			children = (
				B2454BAC27C68A9200750B0E /* LigandViewViewModel.swift */,
				B2454BB027C6C98100750B0E /* LoginViewViewModel.swift */,
				B2454BB227C6C9C100750B0E /* LigandListViewModels.swift */,
			);
			path = ViewModels;
			sourceTree = "<group>";
		};
		B25CA9E9278B50E100170C2D = {
			isa = PBXGroup;
			children = (
				B25CA9F4278B50E100170C2D /* Proteins */,
				B25CAA05278B50E200170C2D /* ProteinsTests */,
				B25CAA0F278B50E200170C2D /* ProteinsUITests */,
				B25CA9F3278B50E100170C2D /* Products */,
			);
			sourceTree = "<group>";
		};
		B25CA9F3278B50E100170C2D /* Products */ = {
			isa = PBXGroup;
			children = (
				B25CA9F2278B50E100170C2D /* Proteins.app */,
				B25CAA02278B50E200170C2D /* ProteinsTests.xctest */,
				B25CAA0C278B50E200170C2D /* ProteinsUITests.xctest */,
			);
			name = Products;
			sourceTree = "<group>";
		};
		B25CA9F4278B50E100170C2D /* Proteins */ = {
			isa = PBXGroup;
			children = (
				B2454BAB27C68A6400750B0E /* ViewModels */,
				B2454BA227C51AFE00750B0E /* Models */,
				B2454BA127C51ADF00750B0E /* Utils */,
				B2454B9027C441C900750B0E /* Views */,
				B2454B8C27C2F17D00750B0E /* Extensions */,
				B271D5BD27BFC5F100D6EF6D /* Info.plist */,
				B2F9AB3827BBEDF5006E82EA /* DI */,
				B2148E4727B4659900ACFDAE /* ligands.txt */,
				B2148E4D27B8228B00ACFDAE /* 011_ideal.pdb.txt */,
				B25CA9F5278B50E100170C2D /* ProteinsApp.swift */,
				B25CA9F9278B50E200170C2D /* Assets.xcassets */,
				B25CA9FB278B50E200170C2D /* Preview Content */,
				B271D5B927BEDEB600D6EF6D /* PeriodicTable.json */,
				B2F9AB3627BBECBC006E82EA /* PdbClient.swift */,
			);
			path = Proteins;
			sourceTree = "<group>";
		};
		B25CA9FB278B50E200170C2D /* Preview Content */ = {
			isa = PBXGroup;
			children = (
				B25CA9FC278B50E200170C2D /* Preview Assets.xcassets */,
			);
			path = "Preview Content";
			sourceTree = "<group>";
		};
		B25CAA05278B50E200170C2D /* ProteinsTests */ = {
			isa = PBXGroup;
			children = (
				B25CAA06278B50E200170C2D /* ProteinsTests.swift */,
			);
			path = ProteinsTests;
			sourceTree = "<group>";
		};
		B25CAA0F278B50E200170C2D /* ProteinsUITests */ = {
			isa = PBXGroup;
			children = (
				B25CAA10278B50E200170C2D /* ProteinsUITests.swift */,
				B25CAA12278B50E200170C2D /* ProteinsUITestsLaunchTests.swift */,
			);
			path = ProteinsUITests;
			sourceTree = "<group>";
		};
		B2F9AB3827BBEDF5006E82EA /* DI */ = {
			isa = PBXGroup;
			children = (
				B2F9AB3927BBEE0C006E82EA /* Configurator.swift */,
			);
			path = DI;
			sourceTree = "<group>";
		};
/* End PBXGroup section */

/* Begin PBXNativeTarget section */
		B25CA9F1278B50E100170C2D /* Proteins */ = {
			isa = PBXNativeTarget;
			buildConfigurationList = B25CAA16278B50E200170C2D /* Build configuration list for PBXNativeTarget "Proteins" */;
			buildPhases = (
				B25CA9EE278B50E100170C2D /* Sources */,
				B25CA9EF278B50E100170C2D /* Frameworks */,
				B25CA9F0278B50E100170C2D /* Resources */,
			);
			buildRules = (
			);
			dependencies = (
			);
			name = Proteins;
			productName = Proteins;
			productReference = B25CA9F2278B50E100170C2D /* Proteins.app */;
			productType = "com.apple.product-type.application";
		};
		B25CAA01278B50E200170C2D /* ProteinsTests */ = {
			isa = PBXNativeTarget;
			buildConfigurationList = B25CAA19278B50E200170C2D /* Build configuration list for PBXNativeTarget "ProteinsTests" */;
			buildPhases = (
				B25CA9FE278B50E200170C2D /* Sources */,
				B25CA9FF278B50E200170C2D /* Frameworks */,
				B25CAA00278B50E200170C2D /* Resources */,
			);
			buildRules = (
			);
			dependencies = (
				B25CAA04278B50E200170C2D /* PBXTargetDependency */,
			);
			name = ProteinsTests;
			productName = ProteinsTests;
			productReference = B25CAA02278B50E200170C2D /* ProteinsTests.xctest */;
			productType = "com.apple.product-type.bundle.unit-test";
		};
		B25CAA0B278B50E200170C2D /* ProteinsUITests */ = {
			isa = PBXNativeTarget;
			buildConfigurationList = B25CAA1C278B50E200170C2D /* Build configuration list for PBXNativeTarget "ProteinsUITests" */;
			buildPhases = (
				B25CAA08278B50E200170C2D /* Sources */,
				B25CAA09278B50E200170C2D /* Frameworks */,
				B25CAA0A278B50E200170C2D /* Resources */,
			);
			buildRules = (
			);
			dependencies = (
				B25CAA0E278B50E200170C2D /* PBXTargetDependency */,
			);
			name = ProteinsUITests;
			productName = ProteinsUITests;
			productReference = B25CAA0C278B50E200170C2D /* ProteinsUITests.xctest */;
			productType = "com.apple.product-type.bundle.ui-testing";
		};
/* End PBXNativeTarget section */

/* Begin PBXProject section */
		B25CA9EA278B50E100170C2D /* Project object */ = {
			isa = PBXProject;
			attributes = {
				BuildIndependentTargetsInParallel = 1;
				LastSwiftUpdateCheck = 1320;
				LastUpgradeCheck = 1320;
				TargetAttributes = {
					B25CA9F1278B50E100170C2D = {
						CreatedOnToolsVersion = 13.2.1;
					};
					B25CAA01278B50E200170C2D = {
						CreatedOnToolsVersion = 13.2.1;
						TestTargetID = B25CA9F1278B50E100170C2D;
					};
					B25CAA0B278B50E200170C2D = {
						CreatedOnToolsVersion = 13.2.1;
						TestTargetID = B25CA9F1278B50E100170C2D;
					};
				};
			};
			buildConfigurationList = B25CA9ED278B50E100170C2D /* Build configuration list for PBXProject "Proteins" */;
			compatibilityVersion = "Xcode 13.0";
			developmentRegion = en;
			hasScannedForEncodings = 0;
			knownRegions = (
				en,
				Base,
			);
			mainGroup = B25CA9E9278B50E100170C2D;
			productRefGroup = B25CA9F3278B50E100170C2D /* Products */;
			projectDirPath = "";
			projectRoot = "";
			targets = (
				B25CA9F1278B50E100170C2D /* Proteins */,
				B25CAA01278B50E200170C2D /* ProteinsTests */,
				B25CAA0B278B50E200170C2D /* ProteinsUITests */,
			);
		};
/* End PBXProject section */

/* Begin PBXResourcesBuildPhase section */
		B25CA9F0278B50E100170C2D /* Resources */ = {
			isa = PBXResourcesBuildPhase;
			buildActionMask = 2147483647;
			files = (
				B25CA9FD278B50E200170C2D /* Preview Assets.xcassets in Resources */,
				B2148E4827B4659900ACFDAE /* ligands.txt in Resources */,
				B271D5BA27BEDEB600D6EF6D /* PeriodicTable.json in Resources */,
				B25CA9FA278B50E200170C2D /* Assets.xcassets in Resources */,
				B2148E4E27B8228B00ACFDAE /* 011_ideal.pdb.txt in Resources */,
			);
			runOnlyForDeploymentPostprocessing = 0;
		};
		B25CAA00278B50E200170C2D /* Resources */ = {
			isa = PBXResourcesBuildPhase;
			buildActionMask = 2147483647;
			files = (
			);
			runOnlyForDeploymentPostprocessing = 0;
		};
		B25CAA0A278B50E200170C2D /* Resources */ = {
			isa = PBXResourcesBuildPhase;
			buildActionMask = 2147483647;
			files = (
			);
			runOnlyForDeploymentPostprocessing = 0;
		};
/* End PBXResourcesBuildPhase section */

/* Begin PBXSourcesBuildPhase section */
		B25CA9EE278B50E100170C2D /* Sources */ = {
			isa = PBXSourcesBuildPhase;
			buildActionMask = 2147483647;
			files = (
				B2454B8E27C2F19400750B0E /* String.swift in Sources */,
				B2454BAF27C6AFB700750B0E /* SceneConstructor.swift in Sources */,
				B2454B9627C5189100750B0E /* HasApply.swift in Sources */,
				B271D5B827BD821300D6EF6D /* ScenekitView.swift in Sources */,
				B2454BA827C6840F00750B0E /* UIApplication.swift in Sources */,
				B2454BB127C6C98100750B0E /* LoginViewViewModel.swift in Sources */,
				B2454BAD27C68A9200750B0E /* LigandViewViewModel.swift in Sources */,
				B2454BB327C6C9C100750B0E /* LigandListViewModels.swift in Sources */,
				B2454BA027C5197800750B0E /* PdbDocument.swift in Sources */,
				B271D5C527BFFFD600D6EF6D /* Box.swift in Sources */,
				B271D5C127BFEB3500D6EF6D /* BaseView.swift in Sources */,
				B2454B9827C518B100750B0E /* VIew.swift in Sources */,
				B25CA9F8278B50E100170C2D /* LigandsListView.swift in Sources */,
				B2454B9A27C5192900750B0E /* LineType.swift in Sources */,
				B2454B9227C516AA00750B0E /* SCNVector3.swift in Sources */,
				B2454B9E27C5196400750B0E /* PDBAtom.swift in Sources */,
				B2F9AB3A27BBEE0C006E82EA /* Configurator.swift in Sources */,
				B2454BAA27C6867000750B0E /* AtomInfoView.swift in Sources */,
				B2F9AB3527BBEB66006E82EA /* Files.swift in Sources */,
				B2454B9427C5171600750B0E /* SCNNode.swift in Sources */,
				B2148E4A27B46D0100ACFDAE /* Ligand.swift in Sources */,
				B2454B9C27C5194800750B0E /* PDBConnect.swift in Sources */,
				B271D5BF27BFEA8E00D6EF6D /* LoginView.swift in Sources */,
				B2148E5127B825BA00ACFDAE /* PDBReader.swift in Sources */,
				B2148E4C27B478C900ACFDAE /* LigandView.swift in Sources */,
				B25CA9F6278B50E100170C2D /* ProteinsApp.swift in Sources */,
				B271D5BC27BEDFBD00D6EF6D /* AtomInfo.swift in Sources */,
				B2454BA627C569DC00750B0E /* Array.swift in Sources */,
				B2F9AB3727BBECBC006E82EA /* PdbClient.swift in Sources */,
				B2454BA427C538FE00750B0E /* Bool.swift in Sources */,
			);
			runOnlyForDeploymentPostprocessing = 0;
		};
		B25CA9FE278B50E200170C2D /* Sources */ = {
			isa = PBXSourcesBuildPhase;
			buildActionMask = 2147483647;
			files = (
				B25CAA07278B50E200170C2D /* ProteinsTests.swift in Sources */,
			);
			runOnlyForDeploymentPostprocessing = 0;
		};
		B25CAA08278B50E200170C2D /* Sources */ = {
			isa = PBXSourcesBuildPhase;
			buildActionMask = 2147483647;
			files = (
				B25CAA13278B50E200170C2D /* ProteinsUITestsLaunchTests.swift in Sources */,
				B25CAA11278B50E200170C2D /* ProteinsUITests.swift in Sources */,
			);
			runOnlyForDeploymentPostprocessing = 0;
		};
/* End PBXSourcesBuildPhase section */

/* Begin PBXTargetDependency section */
		B25CAA04278B50E200170C2D /* PBXTargetDependency */ = {
			isa = PBXTargetDependency;
			target = B25CA9F1278B50E100170C2D /* Proteins */;
			targetProxy = B25CAA03278B50E200170C2D /* PBXContainerItemProxy */;
		};
		B25CAA0E278B50E200170C2D /* PBXTargetDependency */ = {
			isa = PBXTargetDependency;
			target = B25CA9F1278B50E100170C2D /* Proteins */;
			targetProxy = B25CAA0D278B50E200170C2D /* PBXContainerItemProxy */;
		};
/* End PBXTargetDependency section */

/* Begin XCBuildConfiguration section */
		B25CAA14278B50E200170C2D /* Debug */ = {
			isa = XCBuildConfiguration;
			buildSettings = {
				ALWAYS_SEARCH_USER_PATHS = NO;
				CLANG_ANALYZER_NONNULL = YES;
				CLANG_ANALYZER_NUMBER_OBJECT_CONVERSION = YES_AGGRESSIVE;
				CLANG_CXX_LANGUAGE_STANDARD = "gnu++17";
				CLANG_CXX_LIBRARY = "libc++";
				CLANG_ENABLE_MODULES = YES;
				CLANG_ENABLE_OBJC_ARC = YES;
				CLANG_ENABLE_OBJC_WEAK = YES;
				CLANG_WARN_BLOCK_CAPTURE_AUTORELEASING = YES;
				CLANG_WARN_BOOL_CONVERSION = YES;
				CLANG_WARN_COMMA = YES;
				CLANG_WARN_CONSTANT_CONVERSION = YES;
				CLANG_WARN_DEPRECATED_OBJC_IMPLEMENTATIONS = YES;
				CLANG_WARN_DIRECT_OBJC_ISA_USAGE = YES_ERROR;
				CLANG_WARN_DOCUMENTATION_COMMENTS = YES;
				CLANG_WARN_EMPTY_BODY = YES;
				CLANG_WARN_ENUM_CONVERSION = YES;
				CLANG_WARN_INFINITE_RECURSION = YES;
				CLANG_WARN_INT_CONVERSION = YES;
				CLANG_WARN_NON_LITERAL_NULL_CONVERSION = YES;
				CLANG_WARN_OBJC_IMPLICIT_RETAIN_SELF = YES;
				CLANG_WARN_OBJC_LITERAL_CONVERSION = YES;
				CLANG_WARN_OBJC_ROOT_CLASS = YES_ERROR;
				CLANG_WARN_QUOTED_INCLUDE_IN_FRAMEWORK_HEADER = YES;
				CLANG_WARN_RANGE_LOOP_ANALYSIS = YES;
				CLANG_WARN_STRICT_PROTOTYPES = YES;
				CLANG_WARN_SUSPICIOUS_MOVE = YES;
				CLANG_WARN_UNGUARDED_AVAILABILITY = YES_AGGRESSIVE;
				CLANG_WARN_UNREACHABLE_CODE = YES;
				CLANG_WARN__DUPLICATE_METHOD_MATCH = YES;
				COPY_PHASE_STRIP = NO;
				DEBUG_INFORMATION_FORMAT = dwarf;
				ENABLE_STRICT_OBJC_MSGSEND = YES;
				ENABLE_TESTABILITY = YES;
				GCC_C_LANGUAGE_STANDARD = gnu11;
				GCC_DYNAMIC_NO_PIC = NO;
				GCC_NO_COMMON_BLOCKS = YES;
				GCC_OPTIMIZATION_LEVEL = 0;
				GCC_PREPROCESSOR_DEFINITIONS = (
					"DEBUG=1",
					"$(inherited)",
				);
				GCC_WARN_64_TO_32_BIT_CONVERSION = YES;
				GCC_WARN_ABOUT_RETURN_TYPE = YES_ERROR;
				GCC_WARN_UNDECLARED_SELECTOR = YES;
				GCC_WARN_UNINITIALIZED_AUTOS = YES_AGGRESSIVE;
				GCC_WARN_UNUSED_FUNCTION = YES;
				GCC_WARN_UNUSED_VARIABLE = YES;
				IPHONEOS_DEPLOYMENT_TARGET = 15.2;
				MTL_ENABLE_DEBUG_INFO = INCLUDE_SOURCE;
				MTL_FAST_MATH = YES;
				ONLY_ACTIVE_ARCH = YES;
				SDKROOT = iphoneos;
				SWIFT_ACTIVE_COMPILATION_CONDITIONS = DEBUG;
				SWIFT_OPTIMIZATION_LEVEL = "-Onone";
			};
			name = Debug;
		};
		B25CAA15278B50E200170C2D /* Release */ = {
			isa = XCBuildConfiguration;
			buildSettings = {
				ALWAYS_SEARCH_USER_PATHS = NO;
				CLANG_ANALYZER_NONNULL = YES;
				CLANG_ANALYZER_NUMBER_OBJECT_CONVERSION = YES_AGGRESSIVE;
				CLANG_CXX_LANGUAGE_STANDARD = "gnu++17";
				CLANG_CXX_LIBRARY = "libc++";
				CLANG_ENABLE_MODULES = YES;
				CLANG_ENABLE_OBJC_ARC = YES;
				CLANG_ENABLE_OBJC_WEAK = YES;
				CLANG_WARN_BLOCK_CAPTURE_AUTORELEASING = YES;
				CLANG_WARN_BOOL_CONVERSION = YES;
				CLANG_WARN_COMMA = YES;
				CLANG_WARN_CONSTANT_CONVERSION = YES;
				CLANG_WARN_DEPRECATED_OBJC_IMPLEMENTATIONS = YES;
				CLANG_WARN_DIRECT_OBJC_ISA_USAGE = YES_ERROR;
				CLANG_WARN_DOCUMENTATION_COMMENTS = YES;
				CLANG_WARN_EMPTY_BODY = YES;
				CLANG_WARN_ENUM_CONVERSION = YES;
				CLANG_WARN_INFINITE_RECURSION = YES;
				CLANG_WARN_INT_CONVERSION = YES;
				CLANG_WARN_NON_LITERAL_NULL_CONVERSION = YES;
				CLANG_WARN_OBJC_IMPLICIT_RETAIN_SELF = YES;
				CLANG_WARN_OBJC_LITERAL_CONVERSION = YES;
				CLANG_WARN_OBJC_ROOT_CLASS = YES_ERROR;
				CLANG_WARN_QUOTED_INCLUDE_IN_FRAMEWORK_HEADER = YES;
				CLANG_WARN_RANGE_LOOP_ANALYSIS = YES;
				CLANG_WARN_STRICT_PROTOTYPES = YES;
				CLANG_WARN_SUSPICIOUS_MOVE = YES;
				CLANG_WARN_UNGUARDED_AVAILABILITY = YES_AGGRESSIVE;
				CLANG_WARN_UNREACHABLE_CODE = YES;
				CLANG_WARN__DUPLICATE_METHOD_MATCH = YES;
				COPY_PHASE_STRIP = NO;
				DEBUG_INFORMATION_FORMAT = "dwarf-with-dsym";
				ENABLE_NS_ASSERTIONS = NO;
				ENABLE_STRICT_OBJC_MSGSEND = YES;
				GCC_C_LANGUAGE_STANDARD = gnu11;
				GCC_NO_COMMON_BLOCKS = YES;
				GCC_WARN_64_TO_32_BIT_CONVERSION = YES;
				GCC_WARN_ABOUT_RETURN_TYPE = YES_ERROR;
				GCC_WARN_UNDECLARED_SELECTOR = YES;
				GCC_WARN_UNINITIALIZED_AUTOS = YES_AGGRESSIVE;
				GCC_WARN_UNUSED_FUNCTION = YES;
				GCC_WARN_UNUSED_VARIABLE = YES;
				IPHONEOS_DEPLOYMENT_TARGET = 15.2;
				MTL_ENABLE_DEBUG_INFO = NO;
				MTL_FAST_MATH = YES;
				SDKROOT = iphoneos;
				SWIFT_COMPILATION_MODE = wholemodule;
				SWIFT_OPTIMIZATION_LEVEL = "-O";
				VALIDATE_PRODUCT = YES;
			};
			name = Release;
		};
		B25CAA17278B50E200170C2D /* Debug */ = {
			isa = XCBuildConfiguration;
			buildSettings = {
				ASSETCATALOG_COMPILER_APPICON_NAME = AppIcon;
				ASSETCATALOG_COMPILER_GLOBAL_ACCENT_COLOR_NAME = AccentColor;
				CODE_SIGN_STYLE = Automatic;
				CURRENT_PROJECT_VERSION = 1;
				DEVELOPMENT_ASSET_PATHS = "\"Proteins/Preview Content\"";
				DEVELOPMENT_TEAM = 76HC36583V;
				ENABLE_PREVIEWS = YES;
				GENERATE_INFOPLIST_FILE = YES;
				INFOPLIST_FILE = Proteins/Info.plist;
				INFOPLIST_KEY_LSApplicationCategoryType = "";
				INFOPLIST_KEY_NSPhotoLibraryAddUsageDescription = "Save Image";
				INFOPLIST_KEY_UIApplicationSceneManifest_Generation = YES;
				INFOPLIST_KEY_UIApplicationSupportsIndirectInputEvents = YES;
				INFOPLIST_KEY_UISupportedInterfaceOrientations_iPad = "UIInterfaceOrientationPortrait UIInterfaceOrientationPortraitUpsideDown UIInterfaceOrientationLandscapeLeft UIInterfaceOrientationLandscapeRight";
				INFOPLIST_KEY_UISupportedInterfaceOrientations_iPhone = "UIInterfaceOrientationPortrait UIInterfaceOrientationLandscapeLeft UIInterfaceOrientationLandscapeRight";
				LD_RUNPATH_SEARCH_PATHS = (
					"$(inherited)",
					"@executable_path/Frameworks",
				);
				MARKETING_VERSION = 1.0;
				PRODUCT_BUNDLE_IDENTIFIER = ecole42.Proteins;
				PRODUCT_NAME = "$(TARGET_NAME)";
				SWIFT_EMIT_LOC_STRINGS = YES;
				SWIFT_VERSION = 5.0;
				TARGETED_DEVICE_FAMILY = "1,2";
			};
			name = Debug;
		};
		B25CAA18278B50E200170C2D /* Release */ = {
			isa = XCBuildConfiguration;
			buildSettings = {
				ASSETCATALOG_COMPILER_APPICON_NAME = AppIcon;
				ASSETCATALOG_COMPILER_GLOBAL_ACCENT_COLOR_NAME = AccentColor;
				CODE_SIGN_STYLE = Automatic;
				CURRENT_PROJECT_VERSION = 1;
				DEVELOPMENT_ASSET_PATHS = "\"Proteins/Preview Content\"";
				DEVELOPMENT_TEAM = 76HC36583V;
				ENABLE_PREVIEWS = YES;
				GENERATE_INFOPLIST_FILE = YES;
				INFOPLIST_FILE = Proteins/Info.plist;
				INFOPLIST_KEY_LSApplicationCategoryType = "";
				INFOPLIST_KEY_NSPhotoLibraryAddUsageDescription = "Save Image";
				INFOPLIST_KEY_UIApplicationSceneManifest_Generation = YES;
				INFOPLIST_KEY_UIApplicationSupportsIndirectInputEvents = YES;
				INFOPLIST_KEY_UISupportedInterfaceOrientations_iPad = "UIInterfaceOrientationPortrait UIInterfaceOrientationPortraitUpsideDown UIInterfaceOrientationLandscapeLeft UIInterfaceOrientationLandscapeRight";
				INFOPLIST_KEY_UISupportedInterfaceOrientations_iPhone = "UIInterfaceOrientationPortrait UIInterfaceOrientationLandscapeLeft UIInterfaceOrientationLandscapeRight";
				LD_RUNPATH_SEARCH_PATHS = (
					"$(inherited)",
					"@executable_path/Frameworks",
				);
				MARKETING_VERSION = 1.0;
				PRODUCT_BUNDLE_IDENTIFIER = ecole42.Proteins;
				PRODUCT_NAME = "$(TARGET_NAME)";
				SWIFT_EMIT_LOC_STRINGS = YES;
				SWIFT_VERSION = 5.0;
				TARGETED_DEVICE_FAMILY = "1,2";
			};
			name = Release;
		};
		B25CAA1A278B50E200170C2D /* Debug */ = {
			isa = XCBuildConfiguration;
			buildSettings = {
				ALWAYS_EMBED_SWIFT_STANDARD_LIBRARIES = YES;
				BUNDLE_LOADER = "$(TEST_HOST)";
				CODE_SIGN_STYLE = Automatic;
				CURRENT_PROJECT_VERSION = 1;
				DEVELOPMENT_TEAM = 76HC36583V;
				GENERATE_INFOPLIST_FILE = YES;
				IPHONEOS_DEPLOYMENT_TARGET = 15.2;
				MARKETING_VERSION = 1.0;
				PRODUCT_BUNDLE_IDENTIFIER = ecole42.ProteinsTests;
				PRODUCT_NAME = "$(TARGET_NAME)";
				SWIFT_EMIT_LOC_STRINGS = NO;
				SWIFT_VERSION = 5.0;
				TARGETED_DEVICE_FAMILY = "1,2";
				TEST_HOST = "$(BUILT_PRODUCTS_DIR)/Proteins.app/Proteins";
			};
			name = Debug;
		};
		B25CAA1B278B50E200170C2D /* Release */ = {
			isa = XCBuildConfiguration;
			buildSettings = {
				ALWAYS_EMBED_SWIFT_STANDARD_LIBRARIES = YES;
				BUNDLE_LOADER = "$(TEST_HOST)";
				CODE_SIGN_STYLE = Automatic;
				CURRENT_PROJECT_VERSION = 1;
				DEVELOPMENT_TEAM = 76HC36583V;
				GENERATE_INFOPLIST_FILE = YES;
				IPHONEOS_DEPLOYMENT_TARGET = 15.2;
				MARKETING_VERSION = 1.0;
				PRODUCT_BUNDLE_IDENTIFIER = ecole42.ProteinsTests;
				PRODUCT_NAME = "$(TARGET_NAME)";
				SWIFT_EMIT_LOC_STRINGS = NO;
				SWIFT_VERSION = 5.0;
				TARGETED_DEVICE_FAMILY = "1,2";
				TEST_HOST = "$(BUILT_PRODUCTS_DIR)/Proteins.app/Proteins";
			};
			name = Release;
		};
		B25CAA1D278B50E200170C2D /* Debug */ = {
			isa = XCBuildConfiguration;
			buildSettings = {
				ALWAYS_EMBED_SWIFT_STANDARD_LIBRARIES = YES;
				CODE_SIGN_STYLE = Automatic;
				CURRENT_PROJECT_VERSION = 1;
				DEVELOPMENT_TEAM = 76HC36583V;
				GENERATE_INFOPLIST_FILE = YES;
				MARKETING_VERSION = 1.0;
				PRODUCT_BUNDLE_IDENTIFIER = ecole42.ProteinsUITests;
				PRODUCT_NAME = "$(TARGET_NAME)";
				SWIFT_EMIT_LOC_STRINGS = NO;
				SWIFT_VERSION = 5.0;
				TARGETED_DEVICE_FAMILY = "1,2";
				TEST_TARGET_NAME = Proteins;
			};
			name = Debug;
		};
		B25CAA1E278B50E200170C2D /* Release */ = {
			isa = XCBuildConfiguration;
			buildSettings = {
				ALWAYS_EMBED_SWIFT_STANDARD_LIBRARIES = YES;
				CODE_SIGN_STYLE = Automatic;
				CURRENT_PROJECT_VERSION = 1;
				DEVELOPMENT_TEAM = 76HC36583V;
				GENERATE_INFOPLIST_FILE = YES;
				MARKETING_VERSION = 1.0;
				PRODUCT_BUNDLE_IDENTIFIER = ecole42.ProteinsUITests;
				PRODUCT_NAME = "$(TARGET_NAME)";
				SWIFT_EMIT_LOC_STRINGS = NO;
				SWIFT_VERSION = 5.0;
				TARGETED_DEVICE_FAMILY = "1,2";
				TEST_TARGET_NAME = Proteins;
			};
			name = Release;
		};
/* End XCBuildConfiguration section */

/* Begin XCConfigurationList section */
		B25CA9ED278B50E100170C2D /* Build configuration list for PBXProject "Proteins" */ = {
			isa = XCConfigurationList;
			buildConfigurations = (
				B25CAA14278B50E200170C2D /* Debug */,
				B25CAA15278B50E200170C2D /* Release */,
			);
			defaultConfigurationIsVisible = 0;
			defaultConfigurationName = Release;
		};
		B25CAA16278B50E200170C2D /* Build configuration list for PBXNativeTarget "Proteins" */ = {
			isa = XCConfigurationList;
			buildConfigurations = (
				B25CAA17278B50E200170C2D /* Debug */,
				B25CAA18278B50E200170C2D /* Release */,
			);
			defaultConfigurationIsVisible = 0;
			defaultConfigurationName = Release;
		};
		B25CAA19278B50E200170C2D /* Build configuration list for PBXNativeTarget "ProteinsTests" */ = {
			isa = XCConfigurationList;
			buildConfigurations = (
				B25CAA1A278B50E200170C2D /* Debug */,
				B25CAA1B278B50E200170C2D /* Release */,
			);
			defaultConfigurationIsVisible = 0;
			defaultConfigurationName = Release;
		};
		B25CAA1C278B50E200170C2D /* Build configuration list for PBXNativeTarget "ProteinsUITests" */ = {
			isa = XCConfigurationList;
			buildConfigurations = (
				B25CAA1D278B50E200170C2D /* Debug */,
				B25CAA1E278B50E200170C2D /* Release */,
			);
			defaultConfigurationIsVisible = 0;
			defaultConfigurationName = Release;
		};
/* End XCConfigurationList section */
	};
	rootObject = B25CA9EA278B50E100170C2D /* Project object */;
}
