// !$*UTF8*$!
{
	archiveVersion = 1;
	classes = {
	};
	objectVersion = 55;
	objects = {

/* Begin PBXBuildFile section */
		B2148E4827B4659900ACFDAE /* ligands.txt in Resources */ = {isa = PBXBuildFile; fileRef = B2148E4727B4659900ACFDAE /* ligands.txt */; };
		B2148E4A27B46D0100ACFDAE /* Ligand.swift in Sources */ = {isa = PBXBuildFile; fileRef = B2148E4927B46D0100ACFDAE /* Ligand.swift */; };
		B2148E4C27B478C900ACFDAE /* LigandView.swift in Sources */ = {isa = PBXBuildFile; fileRef = B2148E4B27B478C900ACFDAE /* LigandView.swift */; };
		B2148E4E27B8228B00ACFDAE /* 011_ideal.pdb.txt in Resources */ = {isa = PBXBuildFile; fileRef = B2148E4D27B8228B00ACFDAE /* 011_ideal.pdb.txt */; };
		B2148E5127B825BA00ACFDAE /* PDBReader.swift in Sources */ = {isa = PBXBuildFile; fileRef = B2148E5027B825BA00ACFDAE /* PDBReader.swift */; };
		B25CA9F6278B50E100170C2D /* ProteinsApp.swift in Sources */ = {isa = PBXBuildFile; fileRef = B25CA9F5278B50E100170C2D /* ProteinsApp.swift */; };
		B25CA9F8278B50E100170C2D /* ContentView.swift in Sources */ = {isa = PBXBuildFile; fileRef = B25CA9F7278B50E100170C2D /* ContentView.swift */; };
		B25CA9FA278B50E200170C2D /* Assets.xcassets in Resources */ = {isa = PBXBuildFile; fileRef = B25CA9F9278B50E200170C2D /* Assets.xcassets */; };
		B25CA9FD278B50E200170C2D /* Preview Assets.xcassets in Resources */ = {isa = PBXBuildFile; fileRef = B25CA9FC278B50E200170C2D /* Preview Assets.xcassets */; };
		B25CAA07278B50E200170C2D /* ProteinsTests.swift in Sources */ = {isa = PBXBuildFile; fileRef = B25CAA06278B50E200170C2D /* ProteinsTests.swift */; };
		B25CAA11278B50E200170C2D /* ProteinsUITests.swift in Sources */ = {isa = PBXBuildFile; fileRef = B25CAA10278B50E200170C2D /* ProteinsUITests.swift */; };
		B25CAA13278B50E200170C2D /* ProteinsUITestsLaunchTests.swift in Sources */ = {isa = PBXBuildFile; fileRef = B25CAA12278B50E200170C2D /* ProteinsUITestsLaunchTests.swift */; };
		B25CAA20278B7CD100170C2D /* ProteinsListViewModel.swift in Sources */ = {isa = PBXBuildFile; fileRef = B25CAA1F278B7CD100170C2D /* ProteinsListViewModel.swift */; };
		B271D5B827BD821300D6EF6D /* ScenekitView.swift in Sources */ = {isa = PBXBuildFile; fileRef = B271D5B727BD821300D6EF6D /* ScenekitView.swift */; };
		B271D5BA27BEDEB600D6EF6D /* PeriodicTable.json in Resources */ = {isa = PBXBuildFile; fileRef = B271D5B927BEDEB600D6EF6D /* PeriodicTable.json */; };
		B271D5BC27BEDFBD00D6EF6D /* AtomInfo.swift in Sources */ = {isa = PBXBuildFile; fileRef = B271D5BB27BEDFBD00D6EF6D /* AtomInfo.swift */; };
		B2F9AB3527BBEB66006E82EA /* Files.swift in Sources */ = {isa = PBXBuildFile; fileRef = B2F9AB3427BBEB66006E82EA /* Files.swift */; };
		B2F9AB3727BBECBC006E82EA /* PdbClient.swift in Sources */ = {isa = PBXBuildFile; fileRef = B2F9AB3627BBECBC006E82EA /* PdbClient.swift */; };
		B2F9AB3A27BBEE0C006E82EA /* Configurator.swift in Sources */ = {isa = PBXBuildFile; fileRef = B2F9AB3927BBEE0C006E82EA /* Configurator.swift */; };
/* End PBXBuildFile section */

/* Begin PBXContainerItemProxy section */
		B25CAA03278B50E200170C2D /* PBXContainerItemProxy */ = {
			isa = PBXContainerItemProxy;
			containerPortal = B25CA9EA278B50E100170C2D /* Project object */;
			proxyType = 1;
			remoteGlobalIDString = B25CA9F1278B50E100170C2D;
			remoteInfo = Proteins;
		};
		B25CAA0D278B50E200170C2D /* PBXContainerItemProxy */ = {
			isa = PBXContainerItemProxy;
			containerPortal = B25CA9EA278B50E100170C2D /* Project object */;
			proxyType = 1;
			remoteGlobalIDString = B25CA9F1278B50E100170C2D;
			remoteInfo = Proteins;
		};
/* End PBXContainerItemProxy section */

/* Begin PBXFileReference section */
		B2148E4727B4659900ACFDAE /* ligands.txt */ = {isa = PBXFileReference; fileEncoding = 4; lastKnownFileType = text; path = ligands.txt; sourceTree = "<group>"; };
		B2148E4927B46D0100ACFDAE /* Ligand.swift */ = {isa = PBXFileReference; lastKnownFileType = sourcecode.swift; path = Ligand.swift; sourceTree = "<group>"; };
		B2148E4B27B478C900ACFDAE /* LigandView.swift */ = {isa = PBXFileReference; lastKnownFileType = sourcecode.swift; path = LigandView.swift; sourceTree = "<group>"; };
		B2148E4D27B8228B00ACFDAE /* 011_ideal.pdb.txt */ = {isa = PBXFileReference; fileEncoding = 4; lastKnownFileType = text; path = 011_ideal.pdb.txt; sourceTree = "<group>"; };
		B2148E5027B825BA00ACFDAE /* PDBReader.swift */ = {isa = PBXFileReference; lastKnownFileType = sourcecode.swift; path = PDBReader.swift; sourceTree = "<group>"; };
		B25CA9F2278B50E100170C2D /* Proteins.app */ = {isa = PBXFileReference; explicitFileType = wrapper.application; includeInIndex = 0; path = Proteins.app; sourceTree = BUILT_PRODUCTS_DIR; };
		B25CA9F5278B50E100170C2D /* ProteinsApp.swift */ = {isa = PBXFileReference; lastKnownFileType = sourcecode.swift; path = ProteinsApp.swift; sourceTree = "<group>"; };
		B25CA9F7278B50E100170C2D /* ContentView.swift */ = {isa = PBXFileReference; lastKnownFileType = sourcecode.swift; path = ContentView.swift; sourceTree = "<group>"; };
		B25CA9F9278B50E200170C2D /* Assets.xcassets */ = {isa = PBXFileReference; lastKnownFileType = folder.assetcatalog; path = Assets.xcassets; sourceTree = "<group>"; };
		B25CA9FC278B50E200170C2D /* Preview Assets.xcassets */ = {isa = PBXFileReference; lastKnownFileType = folder.assetcatalog; path = "Preview Assets.xcassets"; sourceTree = "<group>"; };
		B25CAA02278B50E200170C2D /* ProteinsTests.xctest */ = {isa = PBXFileReference; explicitFileType = wrapper.cfbundle; includeInIndex = 0; path = ProteinsTests.xctest; sourceTree = BUILT_PRODUCTS_DIR; };
		B25CAA06278B50E200170C2D /* ProteinsTests.swift */ = {isa = PBXFileReference; lastKnownFileType = sourcecode.swift; path = ProteinsTests.swift; sourceTree = "<group>"; };
		B25CAA0C278B50E200170C2D /* ProteinsUITests.xctest */ = {isa = PBXFileReference; explicitFileType = wrapper.cfbundle; includeInIndex = 0; path = ProteinsUITests.xctest; sourceTree = BUILT_PRODUCTS_DIR; };
		B25CAA10278B50E200170C2D /* ProteinsUITests.swift */ = {isa = PBXFileReference; lastKnownFileType = sourcecode.swift; path = ProteinsUITests.swift; sourceTree = "<group>"; };
		B25CAA12278B50E200170C2D /* ProteinsUITestsLaunchTests.swift */ = {isa = PBXFileReference; lastKnownFileType = sourcecode.swift; path = ProteinsUITestsLaunchTests.swift; sourceTree = "<group>"; };
		B25CAA1F278B7CD100170C2D /* ProteinsListViewModel.swift */ = {isa = PBXFileReference; lastKnownFileType = sourcecode.swift; path = ProteinsListViewModel.swift; sourceTree = "<group>"; };
		B271D5B727BD821300D6EF6D /* ScenekitView.swift */ = {isa = PBXFileReference; lastKnownFileType = sourcecode.swift; path = ScenekitView.swift; sourceTree = "<group>"; };
		B271D5B927BEDEB600D6EF6D /* PeriodicTable.json */ = {isa = PBXFileReference; fileEncoding = 4; lastKnownFileType = text.json; path = PeriodicTable.json; sourceTree = "<group>"; };
		B271D5BB27BEDFBD00D6EF6D /* AtomInfo.swift */ = {isa = PBXFileReference; lastKnownFileType = sourcecode.swift; path = AtomInfo.swift; sourceTree = "<group>"; };
		B271D5BD27BFC5F100D6EF6D /* Info.plist */ = {isa = PBXFileReference; lastKnownFileType = text.plist; path = Info.plist; sourceTree = "<group>"; };
		B2F9AB3427BBEB66006E82EA /* Files.swift */ = {isa = PBXFileReference; lastKnownFileType = sourcecode.swift; path = Files.swift; sourceTree = "<group>"; };
		B2F9AB3627BBECBC006E82EA /* PdbClient.swift */ = {isa = PBXFileReference; lastKnownFileType = sourcecode.swift; path = PdbClient.swift; sourceTree = "<group>"; };
		B2F9AB3927BBEE0C006E82EA /* Configurator.swift */ = {isa = PBXFileReference; lastKnownFileType = sourcecode.swift; path = Configurator.swift; sourceTree = "<group>"; };
/* End PBXFileReference section */

/* Begin PBXFrameworksBuildPhase section */
		B25CA9EF278B50E100170C2D /* Frameworks */ = {
			isa = PBXFrameworksBuildPhase;
			buildActionMask = 2147483647;
			files = (
			);
			runOnlyForDeploymentPostprocessing = 0;
		};
		B25CA9FF278B50E200170C2D /* Frameworks */ = {
			isa = PBXFrameworksBuildPhase;
			buildActionMask = 2147483647;
			files = (
			);
			runOnlyForDeploymentPostprocessing = 0;
		};
		B25CAA09278B50E200170C2D /* Frameworks */ = {
			isa = PBXFrameworksBuildPhase;
			buildActionMask = 2147483647;
			files = (
			);
			runOnlyForDeploymentPostprocessing = 0;
		};
/* End PBXFrameworksBuildPhase section */

/* Begin PBXGroup section */
		B2148E4F27B825A400ACFDAE /* PDB */ = {
			isa = PBXGroup;
			children = (
				B2148E5027B825BA00ACFDAE /* PDBReader.swift */,
			);
			path = PDB;
			sourceTree = "<group>";
		};
		B25CA9E9278B50E100170C2D = {
			isa = PBXGroup;
			children = (
				B25CA9F4278B50E100170C2D /* Proteins */,
				B25CAA05278B50E200170C2D /* ProteinsTests */,
				B25CAA0F278B50E200170C2D /* ProteinsUITests */,
				B25CA9F3278B50E100170C2D /* Products */,
			);
			sourceTree = "<group>";
		};
		B25CA9F3278B50E100170C2D /* Products */ = {
			isa = PBXGroup;
			children = (
				B25CA9F2278B50E100170C2D /* Proteins.app */,
				B25CAA02278B50E200170C2D /* ProteinsTests.xctest */,
				B25CAA0C278B50E200170C2D /* ProteinsUITests.xctest */,
			);
			name = Products;
			sourceTree = "<group>";
		};
		B25CA9F4278B50E100170C2D /* Proteins */ = {
			isa = PBXGroup;
			children = (
				B271D5BD27BFC5F100D6EF6D /* Info.plist */,
				B2F9AB3827BBEDF5006E82EA /* DI */,
				B2148E4F27B825A400ACFDAE /* PDB */,
				B2148E4727B4659900ACFDAE /* ligands.txt */,
				B2148E4D27B8228B00ACFDAE /* 011_ideal.pdb.txt */,
				B25CA9F5278B50E100170C2D /* ProteinsApp.swift */,
				B25CA9F7278B50E100170C2D /* ContentView.swift */,
				B25CA9F9278B50E200170C2D /* Assets.xcassets */,
				B25CA9FB278B50E200170C2D /* Preview Content */,
				B25CAA1F278B7CD100170C2D /* ProteinsListViewModel.swift */,
				B2148E4927B46D0100ACFDAE /* Ligand.swift */,
				B2148E4B27B478C900ACFDAE /* LigandView.swift */,
				B2F9AB3427BBEB66006E82EA /* Files.swift */,
				B271D5B927BEDEB600D6EF6D /* PeriodicTable.json */,
				B2F9AB3627BBECBC006E82EA /* PdbClient.swift */,
				B271D5B727BD821300D6EF6D /* ScenekitView.swift */,
				B271D5BB27BEDFBD00D6EF6D /* AtomInfo.swift */,
			);
			path = Proteins;
			sourceTree = "<group>";
		};
		B25CA9FB278B50E200170C2D /* Preview Content */ = {
			isa = PBXGroup;
			children = (
				B25CA9FC278B50E200170C2D /* Preview Assets.xcassets */,
			);
			path = "Preview Content";
			sourceTree = "<group>";
		};
		B25CAA05278B50E200170C2D /* ProteinsTests */ = {
			isa = PBXGroup;
			children = (
				B25CAA06278B50E200170C2D /* ProteinsTests.swift */,
			);
			path = ProteinsTests;
			sourceTree = "<group>";
		};
		B25CAA0F278B50E200170C2D /* ProteinsUITests */ = {
			isa = PBXGroup;
			children = (
				B25CAA10278B50E200170C2D /* ProteinsUITests.swift */,
				B25CAA12278B50E200170C2D /* ProteinsUITestsLaunchTests.swift */,
			);
			path = ProteinsUITests;
			sourceTree = "<group>";
		};
		B2F9AB3827BBEDF5006E82EA /* DI */ = {
			isa = PBXGroup;
			children = (
				B2F9AB3927BBEE0C006E82EA /* Configurator.swift */,
			);
			path = DI;
			sourceTree = "<group>";
		};
/* End PBXGroup section */

/* Begin PBXNativeTarget section */
		B25CA9F1278B50E100170C2D /* Proteins */ = {
			isa = PBXNativeTarget;
			buildConfigurationList = B25CAA16278B50E200170C2D /* Build configuration list for PBXNativeTarget "Proteins" */;
			buildPhases = (
				B25CA9EE278B50E100170C2D /* Sources */,
				B25CA9EF278B50E100170C2D /* Frameworks */,
				B25CA9F0278B50E100170C2D /* Resources */,
			);
			buildRules = (
			);
			dependencies = (
			);
			name = Proteins;
			productName = Proteins;
			productReference = B25CA9F2278B50E100170C2D /* Proteins.app */;
			productType = "com.apple.product-type.application";
		};
		B25CAA01278B50E200170C2D /* ProteinsTests */ = {
			isa = PBXNativeTarget;
			buildConfigurationList = B25CAA19278B50E200170C2D /* Build configuration list for PBXNativeTarget "ProteinsTests" */;
			buildPhases = (
				B25CA9FE278B50E200170C2D /* Sources */,
				B25CA9FF278B50E200170C2D /* Frameworks */,
				B25CAA00278B50E200170C2D /* Resources */,
			);
			buildRules = (
			);
			dependencies = (
				B25CAA04278B50E200170C2D /* PBXTargetDependency */,
			);
			name = ProteinsTests;
			productName = ProteinsTests;
			productReference = B25CAA02278B50E200170C2D /* ProteinsTests.xctest */;
			productType = "com.apple.product-type.bundle.unit-test";
		};
		B25CAA0B278B50E200170C2D /* ProteinsUITests */ = {
			isa = PBXNativeTarget;
			buildConfigurationList = B25CAA1C278B50E200170C2D /* Build configuration list for PBXNativeTarget "ProteinsUITests" */;
			buildPhases = (
				B25CAA08278B50E200170C2D /* Sources */,
				B25CAA09278B50E200170C2D /* Frameworks */,
				B25CAA0A278B50E200170C2D /* Resources */,
			);
			buildRules = (
			);
			dependencies = (
				B25CAA0E278B50E200170C2D /* PBXTargetDependency */,
			);
			name = ProteinsUITests;
			productName = ProteinsUITests;
			productReference = B25CAA0C278B50E200170C2D /* ProteinsUITests.xctest */;
			productType = "com.apple.product-type.bundle.ui-testing";
		};
/* End PBXNativeTarget section */

/* Begin PBXProject section */
		B25CA9EA278B50E100170C2D /* Project object */ = {
			isa = PBXProject;
			attributes = {
				BuildIndependentTargetsInParallel = 1;
				LastSwiftUpdateCheck = 1320;
				LastUpgradeCheck = 1320;
				TargetAttributes = {
					B25CA9F1278B50E100170C2D = {
						CreatedOnToolsVersion = 13.2.1;
					};
					B25CAA01278B50E200170C2D = {
						CreatedOnToolsVersion = 13.2.1;
						TestTargetID = B25CA9F1278B50E100170C2D;
					};
					B25CAA0B278B50E200170C2D = {
						CreatedOnToolsVersion = 13.2.1;
						TestTargetID = B25CA9F1278B50E100170C2D;
					};
				};
			};
			buildConfigurationList = B25CA9ED278B50E100170C2D /* Build configuration list for PBXProject "Proteins" */;
			compatibilityVersion = "Xcode 13.0";
			developmentRegion = en;
			hasScannedForEncodings = 0;
			knownRegions = (
				en,
				Base,
			);
			mainGroup = B25CA9E9278B50E100170C2D;
			productRefGroup = B25CA9F3278B50E100170C2D /* Products */;
			projectDirPath = "";
			projectRoot = "";
			targets = (
				B25CA9F1278B50E100170C2D /* Proteins */,
				B25CAA01278B50E200170C2D /* ProteinsTests */,
				B25CAA0B278B50E200170C2D /* ProteinsUITests */,
			);
		};
/* End PBXProject section */

/* Begin PBXResourcesBuildPhase section */
		B25CA9F0278B50E100170C2D /* Resources */ = {
			isa = PBXResourcesBuildPhase;
			buildActionMask = 2147483647;
			files = (
				B25CA9FD278B50E200170C2D /* Preview Assets.xcassets in Resources */,
				B2148E4827B4659900ACFDAE /* ligands.txt in Resources */,
				B271D5BA27BEDEB600D6EF6D /* PeriodicTable.json in Resources */,
				B25CA9FA278B50E200170C2D /* Assets.xcassets in Resources */,
				B2148E4E27B8228B00ACFDAE /* 011_ideal.pdb.txt in Resources */,
			);
			runOnlyForDeploymentPostprocessing = 0;
		};
		B25CAA00278B50E200170C2D /* Resources */ = {
			isa = PBXResourcesBuildPhase;
			buildActionMask = 2147483647;
			files = (
			);
			runOnlyForDeploymentPostprocessing = 0;
		};
		B25CAA0A278B50E200170C2D /* Resources */ = {
			isa = PBXResourcesBuildPhase;
			buildActionMask = 2147483647;
			files = (
			);
			runOnlyForDeploymentPostprocessing = 0;
		};
/* End PBXResourcesBuildPhase section */

/* Begin PBXSourcesBuildPhase section */
		B25CA9EE278B50E100170C2D /* Sources */ = {
			isa = PBXSourcesBuildPhase;
			buildActionMask = 2147483647;
			files = (
				B271D5B827BD821300D6EF6D /* ScenekitView.swift in Sources */,
				B25CA9F8278B50E100170C2D /* ContentView.swift in Sources */,
				B2F9AB3A27BBEE0C006E82EA /* Configurator.swift in Sources */,
				B25CAA20278B7CD100170C2D /* ProteinsListViewModel.swift in Sources */,
				B2F9AB3527BBEB66006E82EA /* Files.swift in Sources */,
				B2148E4A27B46D0100ACFDAE /* Ligand.swift in Sources */,
				B2148E5127B825BA00ACFDAE /* PDBReader.swift in Sources */,
				B2148E4C27B478C900ACFDAE /* LigandView.swift in Sources */,
				B25CA9F6278B50E100170C2D /* ProteinsApp.swift in Sources */,
				B271D5BC27BEDFBD00D6EF6D /* AtomInfo.swift in Sources */,
				B2F9AB3727BBECBC006E82EA /* PdbClient.swift in Sources */,
			);
			runOnlyForDeploymentPostprocessing = 0;
		};
		B25CA9FE278B50E200170C2D /* Sources */ = {
			isa = PBXSourcesBuildPhase;
			buildActionMask = 2147483647;
			files = (
				B25CAA07278B50E200170C2D /* ProteinsTests.swift in Sources */,
			);
			runOnlyForDeploymentPostprocessing = 0;
		};
		B25CAA08278B50E200170C2D /* Sources */ = {
			isa = PBXSourcesBuildPhase;
			buildActionMask = 2147483647;
			files = (
				B25CAA13278B50E200170C2D /* ProteinsUITestsLaunchTests.swift in Sources */,
				B25CAA11278B50E200170C2D /* ProteinsUITests.swift in Sources */,
			);
			runOnlyForDeploymentPostprocessing = 0;
		};
/* End PBXSourcesBuildPhase section */

/* Begin PBXTargetDependency section */
		B25CAA04278B50E200170C2D /* PBXTargetDependency */ = {
			isa = PBXTargetDependency;
			target = B25CA9F1278B50E100170C2D /* Proteins */;
			targetProxy = B25CAA03278B50E200170C2D /* PBXContainerItemProxy */;
		};
		B25CAA0E278B50E200170C2D /* PBXTargetDependency */ = {
			isa = PBXTargetDependency;
			target = B25CA9F1278B50E100170C2D /* Proteins */;
			targetProxy = B25CAA0D278B50E200170C2D /* PBXContainerItemProxy */;
		};
/* End PBXTargetDependency section */

/* Begin XCBuildConfiguration section */
		B25CAA14278B50E200170C2D /* Debug */ = {
			isa = XCBuildConfiguration;
			buildSettings = {
				ALWAYS_SEARCH_USER_PATHS = NO;
				CLANG_ANALYZER_NONNULL = YES;
				CLANG_ANALYZER_NUMBER_OBJECT_CONVERSION = YES_AGGRESSIVE;
				CLANG_CXX_LANGUAGE_STANDARD = "gnu++17";
				CLANG_CXX_LIBRARY = "libc++";
				CLANG_ENABLE_MODULES = YES;
				CLANG_ENABLE_OBJC_ARC = YES;
				CLANG_ENABLE_OBJC_WEAK = YES;
				CLANG_WARN_BLOCK_CAPTURE_AUTORELEASING = YES;
				CLANG_WARN_BOOL_CONVERSION = YES;
				CLANG_WARN_COMMA = YES;
				CLANG_WARN_CONSTANT_CONVERSION = YES;
				CLANG_WARN_DEPRECATED_OBJC_IMPLEMENTATIONS = YES;
				CLANG_WARN_DIRECT_OBJC_ISA_USAGE = YES_ERROR;
				CLANG_WARN_DOCUMENTATION_COMMENTS = YES;
				CLANG_WARN_EMPTY_BODY = YES;
				CLANG_WARN_ENUM_CONVERSION = YES;
				CLANG_WARN_INFINITE_RECURSION = YES;
				CLANG_WARN_INT_CONVERSION = YES;
				CLANG_WARN_NON_LITERAL_NULL_CONVERSION = YES;
				CLANG_WARN_OBJC_IMPLICIT_RETAIN_SELF = YES;
				CLANG_WARN_OBJC_LITERAL_CONVERSION = YES;
				CLANG_WARN_OBJC_ROOT_CLASS = YES_ERROR;
				CLANG_WARN_QUOTED_INCLUDE_IN_FRAMEWORK_HEADER = YES;
				CLANG_WARN_RANGE_LOOP_ANALYSIS = YES;
				CLANG_WARN_STRICT_PROTOTYPES = YES;
				CLANG_WARN_SUSPICIOUS_MOVE = YES;
				CLANG_WARN_UNGUARDED_AVAILABILITY = YES_AGGRESSIVE;
				CLANG_WARN_UNREACHABLE_CODE = YES;
				CLANG_WARN__DUPLICATE_METHOD_MATCH = YES;
				COPY_PHASE_STRIP = NO;
				DEBUG_INFORMATION_FORMAT = dwarf;
				ENABLE_STRICT_OBJC_MSGSEND = YES;
				ENABLE_TESTABILITY = YES;
				GCC_C_LANGUAGE_STANDARD = gnu11;
				GCC_DYNAMIC_NO_PIC = NO;
				GCC_NO_COMMON_BLOCKS = YES;
				GCC_OPTIMIZATION_LEVEL = 0;
				GCC_PREPROCESSOR_DEFINITIONS = (
					"DEBUG=1",
					"$(inherited)",
				);
				GCC_WARN_64_TO_32_BIT_CONVERSION = YES;
				GCC_WARN_ABOUT_RETURN_TYPE = YES_ERROR;
				GCC_WARN_UNDECLARED_SELECTOR = YES;
				GCC_WARN_UNINITIALIZED_AUTOS = YES_AGGRESSIVE;
				GCC_WARN_UNUSED_FUNCTION = YES;
				GCC_WARN_UNUSED_VARIABLE = YES;
				IPHONEOS_DEPLOYMENT_TARGET = 15.2;
				MTL_ENABLE_DEBUG_INFO = INCLUDE_SOURCE;
				MTL_FAST_MATH = YES;
				ONLY_ACTIVE_ARCH = YES;
				SDKROOT = iphoneos;
				SWIFT_ACTIVE_COMPILATION_CONDITIONS = DEBUG;
				SWIFT_OPTIMIZATION_LEVEL = "-Onone";
			};
			name = Debug;
		};
		B25CAA15278B50E200170C2D /* Release */ = {
			isa = XCBuildConfiguration;
			buildSettings = {
				ALWAYS_SEARCH_USER_PATHS = NO;
				CLANG_ANALYZER_NONNULL = YES;
				CLANG_ANALYZER_NUMBER_OBJECT_CONVERSION = YES_AGGRESSIVE;
				CLANG_CXX_LANGUAGE_STANDARD = "gnu++17";
				CLANG_CXX_LIBRARY = "libc++";
				CLANG_ENABLE_MODULES = YES;
				CLANG_ENABLE_OBJC_ARC = YES;
				CLANG_ENABLE_OBJC_WEAK = YES;
				CLANG_WARN_BLOCK_CAPTURE_AUTORELEASING = YES;
				CLANG_WARN_BOOL_CONVERSION = YES;
				CLANG_WARN_COMMA = YES;
				CLANG_WARN_CONSTANT_CONVERSION = YES;
				CLANG_WARN_DEPRECATED_OBJC_IMPLEMENTATIONS = YES;
				CLANG_WARN_DIRECT_OBJC_ISA_USAGE = YES_ERROR;
				CLANG_WARN_DOCUMENTATION_COMMENTS = YES;
				CLANG_WARN_EMPTY_BODY = YES;
				CLANG_WARN_ENUM_CONVERSION = YES;
				CLANG_WARN_INFINITE_RECURSION = YES;
				CLANG_WARN_INT_CONVERSION = YES;
				CLANG_WARN_NON_LITERAL_NULL_CONVERSION = YES;
				CLANG_WARN_OBJC_IMPLICIT_RETAIN_SELF = YES;
				CLANG_WARN_OBJC_LITERAL_CONVERSION = YES;
				CLANG_WARN_OBJC_ROOT_CLASS = YES_ERROR;
				CLANG_WARN_QUOTED_INCLUDE_IN_FRAMEWORK_HEADER = YES;
				CLANG_WARN_RANGE_LOOP_ANALYSIS = YES;
				CLANG_WARN_STRICT_PROTOTYPES = YES;
				CLANG_WARN_SUSPICIOUS_MOVE = YES;
				CLANG_WARN_UNGUARDED_AVAILABILITY = YES_AGGRESSIVE;
				CLANG_WARN_UNREACHABLE_CODE = YES;
				CLANG_WARN__DUPLICATE_METHOD_MATCH = YES;
				COPY_PHASE_STRIP = NO;
				DEBUG_INFORMATION_FORMAT = "dwarf-with-dsym";
				ENABLE_NS_ASSERTIONS = NO;
				ENABLE_STRICT_OBJC_MSGSEND = YES;
				GCC_C_LANGUAGE_STANDARD = gnu11;
				GCC_NO_COMMON_BLOCKS = YES;
				GCC_WARN_64_TO_32_BIT_CONVERSION = YES;
				GCC_WARN_ABOUT_RETURN_TYPE = YES_ERROR;
				GCC_WARN_UNDECLARED_SELECTOR = YES;
				GCC_WARN_UNINITIALIZED_AUTOS = YES_AGGRESSIVE;
				GCC_WARN_UNUSED_FUNCTION = YES;
				GCC_WARN_UNUSED_VARIABLE = YES;
				IPHONEOS_DEPLOYMENT_TARGET = 15.2;
				MTL_ENABLE_DEBUG_INFO = NO;
				MTL_FAST_MATH = YES;
				SDKROOT = iphoneos;
				SWIFT_COMPILATION_MODE = wholemodule;
				SWIFT_OPTIMIZATION_LEVEL = "-O";
				VALIDATE_PRODUCT = YES;
			};
			name = Release;
		};
		B25CAA17278B50E200170C2D /* Debug */ = {
			isa = XCBuildConfiguration;
			buildSettings = {
				ASSETCATALOG_COMPILER_APPICON_NAME = AppIcon;
				ASSETCATALOG_COMPILER_GLOBAL_ACCENT_COLOR_NAME = AccentColor;
				CODE_SIGN_STYLE = Automatic;
				CURRENT_PROJECT_VERSION = 1;
				DEVELOPMENT_ASSET_PATHS = "\"Proteins/Preview Content\"";
				DEVELOPMENT_TEAM = 76HC36583V;
				ENABLE_PREVIEWS = YES;
				GENERATE_INFOPLIST_FILE = YES;
				INFOPLIST_FILE = Proteins/Info.plist;
				INFOPLIST_KEY_LSApplicationCategoryType = "";
				INFOPLIST_KEY_NSPhotoLibraryAddUsageDescription = "Save Image";
				INFOPLIST_KEY_UIApplicationSceneManifest_Generation = YES;
				INFOPLIST_KEY_UIApplicationSupportsIndirectInputEvents = YES;
				INFOPLIST_KEY_UILaunchScreen_Generation = YES;
				INFOPLIST_KEY_UISupportedInterfaceOrientations_iPad = "UIInterfaceOrientationPortrait UIInterfaceOrientationPortraitUpsideDown UIInterfaceOrientationLandscapeLeft UIInterfaceOrientationLandscapeRight";
				INFOPLIST_KEY_UISupportedInterfaceOrientations_iPhone = "UIInterfaceOrientationPortrait UIInterfaceOrientationLandscapeLeft UIInterfaceOrientationLandscapeRight";
				LD_RUNPATH_SEARCH_PATHS = (
					"$(inherited)",
					"@executable_path/Frameworks",
				);
				MARKETING_VERSION = 1.0;
				PRODUCT_BUNDLE_IDENTIFIER = ecole42.Proteins;
				PRODUCT_NAME = "$(TARGET_NAME)";
				SWIFT_EMIT_LOC_STRINGS = YES;
				SWIFT_VERSION = 5.0;
				TARGETED_DEVICE_FAMILY = "1,2";
			};
			name = Debug;
		};
		B25CAA18278B50E200170C2D /* Release */ = {
			isa = XCBuildConfiguration;
			buildSettings = {
				ASSETCATALOG_COMPILER_APPICON_NAME = AppIcon;
				ASSETCATALOG_COMPILER_GLOBAL_ACCENT_COLOR_NAME = AccentColor;
				CODE_SIGN_STYLE = Automatic;
				CURRENT_PROJECT_VERSION = 1;
				DEVELOPMENT_ASSET_PATHS = "\"Proteins/Preview Content\"";
				DEVELOPMENT_TEAM = 76HC36583V;
				ENABLE_PREVIEWS = YES;
				GENERATE_INFOPLIST_FILE = YES;
				INFOPLIST_FILE = Proteins/Info.plist;
				INFOPLIST_KEY_LSApplicationCategoryType = "";
				INFOPLIST_KEY_NSPhotoLibraryAddUsageDescription = "Save Image";
				INFOPLIST_KEY_UIApplicationSceneManifest_Generation = YES;
				INFOPLIST_KEY_UIApplicationSupportsIndirectInputEvents = YES;
				INFOPLIST_KEY_UILaunchScreen_Generation = YES;
				INFOPLIST_KEY_UISupportedInterfaceOrientations_iPad = "UIInterfaceOrientationPortrait UIInterfaceOrientationPortraitUpsideDown UIInterfaceOrientationLandscapeLeft UIInterfaceOrientationLandscapeRight";
				INFOPLIST_KEY_UISupportedInterfaceOrientations_iPhone = "UIInterfaceOrientationPortrait UIInterfaceOrientationLandscapeLeft UIInterfaceOrientationLandscapeRight";
				LD_RUNPATH_SEARCH_PATHS = (
					"$(inherited)",
					"@executable_path/Frameworks",
				);
				MARKETING_VERSION = 1.0;
				PRODUCT_BUNDLE_IDENTIFIER = ecole42.Proteins;
				PRODUCT_NAME = "$(TARGET_NAME)";
				SWIFT_EMIT_LOC_STRINGS = YES;
				SWIFT_VERSION = 5.0;
				TARGETED_DEVICE_FAMILY = "1,2";
			};
			name = Release;
		};
		B25CAA1A278B50E200170C2D /* Debug */ = {
			isa = XCBuildConfiguration;
			buildSettings = {
				ALWAYS_EMBED_SWIFT_STANDARD_LIBRARIES = YES;
				BUNDLE_LOADER = "$(TEST_HOST)";
				CODE_SIGN_STYLE = Automatic;
				CURRENT_PROJECT_VERSION = 1;
				DEVELOPMENT_TEAM = 76HC36583V;
				GENERATE_INFOPLIST_FILE = YES;
				IPHONEOS_DEPLOYMENT_TARGET = 15.2;
				MARKETING_VERSION = 1.0;
				PRODUCT_BUNDLE_IDENTIFIER = ecole42.ProteinsTests;
				PRODUCT_NAME = "$(TARGET_NAME)";
				SWIFT_EMIT_LOC_STRINGS = NO;
				SWIFT_VERSION = 5.0;
				TARGETED_DEVICE_FAMILY = "1,2";
				TEST_HOST = "$(BUILT_PRODUCTS_DIR)/Proteins.app/Proteins";
			};
			name = Debug;
		};
		B25CAA1B278B50E200170C2D /* Release */ = {
			isa = XCBuildConfiguration;
			buildSettings = {
				ALWAYS_EMBED_SWIFT_STANDARD_LIBRARIES = YES;
				BUNDLE_LOADER = "$(TEST_HOST)";
				CODE_SIGN_STYLE = Automatic;
				CURRENT_PROJECT_VERSION = 1;
				DEVELOPMENT_TEAM = 76HC36583V;
				GENERATE_INFOPLIST_FILE = YES;
				IPHONEOS_DEPLOYMENT_TARGET = 15.2;
				MARKETING_VERSION = 1.0;
				PRODUCT_BUNDLE_IDENTIFIER = ecole42.ProteinsTests;
				PRODUCT_NAME = "$(TARGET_NAME)";
				SWIFT_EMIT_LOC_STRINGS = NO;
				SWIFT_VERSION = 5.0;
				TARGETED_DEVICE_FAMILY = "1,2";
				TEST_HOST = "$(BUILT_PRODUCTS_DIR)/Proteins.app/Proteins";
			};
			name = Release;
		};
		B25CAA1D278B50E200170C2D /* Debug */ = {
			isa = XCBuildConfiguration;
			buildSettings = {
				ALWAYS_EMBED_SWIFT_STANDARD_LIBRARIES = YES;
				CODE_SIGN_STYLE = Automatic;
				CURRENT_PROJECT_VERSION = 1;
				DEVELOPMENT_TEAM = 76HC36583V;
				GENERATE_INFOPLIST_FILE = YES;
				MARKETING_VERSION = 1.0;
				PRODUCT_BUNDLE_IDENTIFIER = ecole42.ProteinsUITests;
				PRODUCT_NAME = "$(TARGET_NAME)";
				SWIFT_EMIT_LOC_STRINGS = NO;
				SWIFT_VERSION = 5.0;
				TARGETED_DEVICE_FAMILY = "1,2";
				TEST_TARGET_NAME = Proteins;
			};
			name = Debug;
		};
		B25CAA1E278B50E200170C2D /* Release */ = {
			isa = XCBuildConfiguration;
			buildSettings = {
				ALWAYS_EMBED_SWIFT_STANDARD_LIBRARIES = YES;
				CODE_SIGN_STYLE = Automatic;
				CURRENT_PROJECT_VERSION = 1;
				DEVELOPMENT_TEAM = 76HC36583V;
				GENERATE_INFOPLIST_FILE = YES;
				MARKETING_VERSION = 1.0;
				PRODUCT_BUNDLE_IDENTIFIER = ecole42.ProteinsUITests;
				PRODUCT_NAME = "$(TARGET_NAME)";
				SWIFT_EMIT_LOC_STRINGS = NO;
				SWIFT_VERSION = 5.0;
				TARGETED_DEVICE_FAMILY = "1,2";
				TEST_TARGET_NAME = Proteins;
			};
			name = Release;
		};
/* End XCBuildConfiguration section */

/* Begin XCConfigurationList section */
		B25CA9ED278B50E100170C2D /* Build configuration list for PBXProject "Proteins" */ = {
			isa = XCConfigurationList;
			buildConfigurations = (
				B25CAA14278B50E200170C2D /* Debug */,
				B25CAA15278B50E200170C2D /* Release */,
			);
			defaultConfigurationIsVisible = 0;
			defaultConfigurationName = Release;
		};
		B25CAA16278B50E200170C2D /* Build configuration list for PBXNativeTarget "Proteins" */ = {
			isa = XCConfigurationList;
			buildConfigurations = (
				B25CAA17278B50E200170C2D /* Debug */,
				B25CAA18278B50E200170C2D /* Release */,
			);
			defaultConfigurationIsVisible = 0;
			defaultConfigurationName = Release;
		};
		B25CAA19278B50E200170C2D /* Build configuration list for PBXNativeTarget "ProteinsTests" */ = {
			isa = XCConfigurationList;
			buildConfigurations = (
				B25CAA1A278B50E200170C2D /* Debug */,
				B25CAA1B278B50E200170C2D /* Release */,
			);
			defaultConfigurationIsVisible = 0;
			defaultConfigurationName = Release;
		};
		B25CAA1C278B50E200170C2D /* Build configuration list for PBXNativeTarget "ProteinsUITests" */ = {
			isa = XCConfigurationList;
			buildConfigurations = (
				B25CAA1D278B50E200170C2D /* Debug */,
				B25CAA1E278B50E200170C2D /* Release */,
			);
			defaultConfigurationIsVisible = 0;
			defaultConfigurationName = Release;
		};
/* End XCConfigurationList section */
	};
	rootObject = B25CA9EA278B50E100170C2D /* Project object */;
}
